
Microsoft Visual Studio Solution File, Format Version 12.00
Project("{FAE04EC0-301F-11D3-BF4B-00C04F79EFBC}") = "tale", "tale\tale.csproj", "{8B9E2450-4723-428F-A4CF-A5F0BC289D8F}"
EndProject
Global
	GlobalSection(SolutionConfigurationPlatforms) = preSolution
		Debug|Any CPU = Debug|Any CPU
		Release|Any CPU = Release|Any CPU
	EndGlobalSection
	GlobalSection(ProjectConfigurationPlatforms) = postSolution
		{8B9E2450-4723-428F-A4CF-A5F0BC289D8F}.Debug|Any CPU.ActiveCfg = Debug|Any CPU
		{8B9E2450-4723-428F-A4CF-A5F0BC289D8F}.Debug|Any CPU.Build.0 = Debug|Any CPU
		{8B9E2450-4723-428F-A4CF-A5F0BC289D8F}.Release|Any CPU.ActiveCfg = Release|Any CPU
		{8B9E2450-4723-428F-A4CF-A5F0BC289D8F}.Release|Any CPU.Build.0 = Release|Any CPU
	EndGlobalSection
EndGlobal
